
Microsoft Visual Studio Solution File, Format Version 12.00
# Visual Studio Version 17
VisualStudioVersion = 17.8.34316.72
MinimumVisualStudioVersion = 10.0.40219.1
Project("{9A19103F-16F7-4668-BE54-9A1E7A4F7556}") = "TwinCAT.Mdp", "src\TwinCAT.Mdp\TwinCAT.Mdp.csproj", "{A3BE8CC2-D877-43A3-9A1C-36EA1E730700}"
EndProject
Project("{9A19103F-16F7-4668-BE54-9A1E7A4F7556}") = "TwinCAT.Mdp.Reactive", "src\TwinCAT.Mdp.Reactive\TwinCAT.Mdp.Reactive.csproj", "{0A7C5D6F-7ADC-4B6A-B14A-CED721A6CB06}"
EndProject
Project("{9A19103F-16F7-4668-BE54-9A1E7A4F7556}") = "TwinCAT.Mdp.Tests", "test\TwinCAT.Mdp.Tests\TwinCAT.Mdp.Tests.csproj", "{685F176B-E6E4-49C8-9D17-7B8609C9CF85}"
EndProject
Project("{9A19103F-16F7-4668-BE54-9A1E7A4F7556}") = "TwinCAT.Mdp.Reactive.Tests", "test\TwinCAT.Mdp.Reactive.Tests\TwinCAT.Mdp.Reactive.Tests.csproj", "{C3E37FB4-BD0B-466C-B162-BDC71EAF4250}"
EndProject
Project("{2150E333-8FDC-42A3-9474-1A3956D46DE8}") = "Projektmappenelemente", "Projektmappenelemente", "{2583734F-ECD9-428D-BA2B-7869CAB8A504}"
	ProjectSection(SolutionItems) = preProject
		LICENSE.md = LICENSE.md
		README.md = README.md
	EndProjectSection
EndProject
Global
	GlobalSection(SolutionConfigurationPlatforms) = preSolution
		Debug|Any CPU = Debug|Any CPU
		Release|Any CPU = Release|Any CPU
	EndGlobalSection
	GlobalSection(ProjectConfigurationPlatforms) = postSolution
		{A3BE8CC2-D877-43A3-9A1C-36EA1E730700}.Debug|Any CPU.ActiveCfg = Debug|Any CPU
		{A3BE8CC2-D877-43A3-9A1C-36EA1E730700}.Debug|Any CPU.Build.0 = Debug|Any CPU
		{A3BE8CC2-D877-43A3-9A1C-36EA1E730700}.Release|Any CPU.ActiveCfg = Release|Any CPU
		{A3BE8CC2-D877-43A3-9A1C-36EA1E730700}.Release|Any CPU.Build.0 = Release|Any CPU
		{0A7C5D6F-7ADC-4B6A-B14A-CED721A6CB06}.Debug|Any CPU.ActiveCfg = Debug|Any CPU
		{0A7C5D6F-7ADC-4B6A-B14A-CED721A6CB06}.Debug|Any CPU.Build.0 = Debug|Any CPU
		{0A7C5D6F-7ADC-4B6A-B14A-CED721A6CB06}.Release|Any CPU.ActiveCfg = Release|Any CPU
		{0A7C5D6F-7ADC-4B6A-B14A-CED721A6CB06}.Release|Any CPU.Build.0 = Release|Any CPU
		{685F176B-E6E4-49C8-9D17-7B8609C9CF85}.Debug|Any CPU.ActiveCfg = Debug|Any CPU
		{685F176B-E6E4-49C8-9D17-7B8609C9CF85}.Debug|Any CPU.Build.0 = Debug|Any CPU
		{685F176B-E6E4-49C8-9D17-7B8609C9CF85}.Release|Any CPU.ActiveCfg = Release|Any CPU
		{685F176B-E6E4-49C8-9D17-7B8609C9CF85}.Release|Any CPU.Build.0 = Release|Any CPU
		{C3E37FB4-BD0B-466C-B162-BDC71EAF4250}.Debug|Any CPU.ActiveCfg = Debug|Any CPU
		{C3E37FB4-BD0B-466C-B162-BDC71EAF4250}.Debug|Any CPU.Build.0 = Debug|Any CPU
		{C3E37FB4-BD0B-466C-B162-BDC71EAF4250}.Release|Any CPU.ActiveCfg = Release|Any CPU
		{C3E37FB4-BD0B-466C-B162-BDC71EAF4250}.Release|Any CPU.Build.0 = Release|Any CPU
	EndGlobalSection
	GlobalSection(SolutionProperties) = preSolution
		HideSolutionNode = FALSE
	EndGlobalSection
	GlobalSection(ExtensibilityGlobals) = postSolution
		SolutionGuid = {4E58AEC4-011C-4011-933A-6EF055EC3EDD}
	EndGlobalSection
EndGlobal
